
Microsoft Visual Studio Solution File, Format Version 12.00
# Visual Studio 14
VisualStudioVersion = 14.0.25123.0
MinimumVisualStudioVersion = 10.0.40219.1
Project("{CD8933D5-EB83-4196-BA03-53290B65CD6E}") = "Sitecore.Support.94227.94640", "Sitecore.Support.94227.94640\Sitecore.Support.94227.94640.csproj", "{6002BF1C-D25C-4D32-BA09-91FE90C068B6}"
EndProject
Global
	GlobalSection(SolutionConfigurationPlatforms) = preSolution
		Debug|Any CPU = Debug|Any CPU
		Release|Any CPU = Release|Any CPU
	EndGlobalSection
	GlobalSection(ProjectConfigurationPlatforms) = postSolution
		{6002BF1C-D25C-4D32-BA09-91FE90C068B6}.Debug|Any CPU.ActiveCfg = Debug|Any CPU
		{6002BF1C-D25C-4D32-BA09-91FE90C068B6}.Debug|Any CPU.Build.0 = Debug|Any CPU
		{6002BF1C-D25C-4D32-BA09-91FE90C068B6}.Release|Any CPU.ActiveCfg = Release|Any CPU
		{6002BF1C-D25C-4D32-BA09-91FE90C068B6}.Release|Any CPU.Build.0 = Release|Any CPU
	EndGlobalSection
	GlobalSection(SolutionProperties) = preSolution
		HideSolutionNode = FALSE
	EndGlobalSection
EndGlobal
